
Microsoft Visual Studio Solution File, Format Version 12.00
# Visual Studio Version 17
VisualStudioVersion = 17.6.33829.357
MinimumVisualStudioVersion = 10.0.40219.1
Project("{9A19103F-16F7-4668-BE54-9A1E7A4F7556}") = "Laboratorium 1", "Laboratorium 1\Laboratorium 1.csproj", "{FCD1A20E-93E3-4601-B8D2-5614600E420C}"
EndProject
Project("{FAE04EC0-301F-11D3-BF4B-00C04F79EFBC}") = "Laboratorium 2", "Laboratorium 2\Laboratorium 2.csproj", "{69D8352E-0DE9-4C97-B87E-8212E86CB649}"
EndProject
Global
	GlobalSection(SolutionConfigurationPlatforms) = preSolution
		Debug|Any CPU = Debug|Any CPU
		Release|Any CPU = Release|Any CPU
	EndGlobalSection
	GlobalSection(ProjectConfigurationPlatforms) = postSolution
		{FCD1A20E-93E3-4601-B8D2-5614600E420C}.Debug|Any CPU.ActiveCfg = Debug|Any CPU
		{FCD1A20E-93E3-4601-B8D2-5614600E420C}.Debug|Any CPU.Build.0 = Debug|Any CPU
		{FCD1A20E-93E3-4601-B8D2-5614600E420C}.Release|Any CPU.ActiveCfg = Release|Any CPU
		{FCD1A20E-93E3-4601-B8D2-5614600E420C}.Release|Any CPU.Build.0 = Release|Any CPU
		{69D8352E-0DE9-4C97-B87E-8212E86CB649}.Debug|Any CPU.ActiveCfg = Debug|Any CPU
		{69D8352E-0DE9-4C97-B87E-8212E86CB649}.Debug|Any CPU.Build.0 = Debug|Any CPU
		{69D8352E-0DE9-4C97-B87E-8212E86CB649}.Release|Any CPU.ActiveCfg = Release|Any CPU
		{69D8352E-0DE9-4C97-B87E-8212E86CB649}.Release|Any CPU.Build.0 = Release|Any CPU
	EndGlobalSection
	GlobalSection(SolutionProperties) = preSolution
		HideSolutionNode = FALSE
	EndGlobalSection
	GlobalSection(ExtensibilityGlobals) = postSolution
		SolutionGuid = {91A96A1A-55CB-4308-B446-6720FC1FE373}
	EndGlobalSection
EndGlobal
